
Microsoft Visual Studio Solution File, Format Version 12.00
Project("{FAE04EC0-301F-11D3-BF4B-00C04F79EFBC}") = "PoolTracker.API", "PoolTracker.API\PoolTracker.API.csproj", "{D297164A-CC26-4948-8D33-8527A77EBE71}"
EndProject
Global
	GlobalSection(SolutionConfigurationPlatforms) = preSolution
		Debug|Any CPU = Debug|Any CPU
		Release|Any CPU = Release|Any CPU
	EndGlobalSection
	GlobalSection(ProjectConfigurationPlatforms) = postSolution
		{D297164A-CC26-4948-8D33-8527A77EBE71}.Debug|Any CPU.ActiveCfg = Debug|Any CPU
		{D297164A-CC26-4948-8D33-8527A77EBE71}.Debug|Any CPU.Build.0 = Debug|Any CPU
		{D297164A-CC26-4948-8D33-8527A77EBE71}.Release|Any CPU.ActiveCfg = Release|Any CPU
		{D297164A-CC26-4948-8D33-8527A77EBE71}.Release|Any CPU.Build.0 = Release|Any CPU
	EndGlobalSection
EndGlobal
